# This file is automatically @generated by Wally.
# It is not intended for manual editing.
registry = "test"

[[package]]
name = "brittonfischer/profileservice"
version = "2.1.5"
dependencies = []

[[package]]
name = "devarke/animewall"
version = "0.1.0"
dependencies = [["BoatTween", "penguindevs/boattween@1.0.1"], ["Janitor", "howmanysmall/janitor@1.14.1"], ["Knit", "sleitnick/knit@1.4.7"], ["Loader", "sleitnick/loader@1.0.2"], ["ProfileService", "brittonfischer/profileservice@2.1.5"], ["Promise", "evaera/promise@4.0.0"], ["Remote", "sleitnick/remote@1.0.4"], ["Signal", "sleitnick/signal@1.2.0"], ["TableUtil", "finobinos/tableutil@3.2.1"], ["TestEZ", "roblox/testez@0.4.1"], ["TopbarPlus", "developercron/icon@0.1.0"], ["matter", "evaera/matter@0.5.1"], ["t", "osyrisrblx/t@3.0.0"]]

[[package]]
name = "developercron/icon"
version = "0.1.0"
dependencies = []

[[package]]
name = "evaera/cmdr"
version = "1.8.4"
dependencies = []

[[package]]
name = "evaera/matter"
version = "0.5.1"
dependencies = [["TestEZ", "roblox/testez@0.4.1"]]

[[package]]
name = "evaera/promise"
version = "4.0.0"
dependencies = []

[[package]]
name = "finobinos/tableutil"
version = "3.2.1"
dependencies = []

[[package]]
name = "howmanysmall/janitor"
version = "1.14.1"
dependencies = []

[[package]]
name = "osyrisrblx/t"
version = "3.0.0"
dependencies = []

[[package]]
name = "penguindevs/boattween"
version = "1.0.1"
dependencies = []

[[package]]
name = "roblox/testez"
version = "0.4.1"
dependencies = []

[[package]]
name = "sleitnick/comm"
version = "0.3.0"
dependencies = [["Option", "sleitnick/option@1.0.3"], ["Promise", "evaera/promise@4.0.0"], ["Signal", "sleitnick/signal@1.2.0"]]

[[package]]
name = "sleitnick/knit"
version = "1.4.7"
dependencies = [["Comm", "sleitnick/comm@0.3.0"], ["Promise", "evaera/promise@4.0.0"]]

[[package]]
name = "sleitnick/loader"
version = "1.0.2"
dependencies = []

[[package]]
name = "sleitnick/option"
version = "1.0.3"
dependencies = []

[[package]]
name = "sleitnick/remote"
version = "1.0.4"
dependencies = [["Ser", "sleitnick/ser@1.0.4"], ["Signal", "sleitnick/signal@1.2.0"]]

[[package]]
name = "sleitnick/ser"
version = "1.0.4"
dependencies = [["Option", "sleitnick/option@1.0.3"]]

[[package]]
name = "sleitnick/signal"
version = "1.2.0"
dependencies = []
